
Microsoft Visual Studio Solution File, Format Version 12.00
# Visual Studio 14
VisualStudioVersion = 14.0.25123.0
MinimumVisualStudioVersion = 10.0.40219.1
Project("{FAE04EC0-301F-11D3-BF4B-00C04F79EFBC}") = "COMP123_DiceRolling", "COMP123_DiceRolling\COMP123_DiceRolling.csproj", "{5A3E198E-CF10-47E0-AAF7-B5DB534D1D0F}"
EndProject
Global
	GlobalSection(SolutionConfigurationPlatforms) = preSolution
		Debug|Any CPU = Debug|Any CPU
		Release|Any CPU = Release|Any CPU
	EndGlobalSection
	GlobalSection(ProjectConfigurationPlatforms) = postSolution
		{5A3E198E-CF10-47E0-AAF7-B5DB534D1D0F}.Debug|Any CPU.ActiveCfg = Debug|Any CPU
		{5A3E198E-CF10-47E0-AAF7-B5DB534D1D0F}.Debug|Any CPU.Build.0 = Debug|Any CPU
		{5A3E198E-CF10-47E0-AAF7-B5DB534D1D0F}.Release|Any CPU.ActiveCfg = Release|Any CPU
		{5A3E198E-CF10-47E0-AAF7-B5DB534D1D0F}.Release|Any CPU.Build.0 = Release|Any CPU
	EndGlobalSection
	GlobalSection(SolutionProperties) = preSolution
		HideSolutionNode = FALSE
	EndGlobalSection
EndGlobal
